
Microsoft Visual Studio Solution File, Format Version 12.00
# Visual Studio Version 16
VisualStudioVersion = 16.0.30621.155
MinimumVisualStudioVersion = 10.0.40219.1
Project("{FAE04EC0-301F-11D3-BF4B-00C04F79EFBC}") = "XmlWriterResa", "XmlWriterResa\XmlWriterResa.csproj", "{73E6DDEA-5A07-4AEC-A8B7-30CB539F6F3A}"
EndProject
Global
	GlobalSection(SolutionConfigurationPlatforms) = preSolution
		Debug|Any CPU = Debug|Any CPU
		Release|Any CPU = Release|Any CPU
	EndGlobalSection
	GlobalSection(ProjectConfigurationPlatforms) = postSolution
		{73E6DDEA-5A07-4AEC-A8B7-30CB539F6F3A}.Debug|Any CPU.ActiveCfg = Debug|Any CPU
		{73E6DDEA-5A07-4AEC-A8B7-30CB539F6F3A}.Debug|Any CPU.Build.0 = Debug|Any CPU
		{73E6DDEA-5A07-4AEC-A8B7-30CB539F6F3A}.Release|Any CPU.ActiveCfg = Release|Any CPU
		{73E6DDEA-5A07-4AEC-A8B7-30CB539F6F3A}.Release|Any CPU.Build.0 = Release|Any CPU
	EndGlobalSection
	GlobalSection(SolutionProperties) = preSolution
		HideSolutionNode = FALSE
	EndGlobalSection
	GlobalSection(ExtensibilityGlobals) = postSolution
		SolutionGuid = {D805D374-E111-408A-9BFF-41E30B290C94}
	EndGlobalSection
EndGlobal
